<?xml version="1.0" encoding="utf-8"?>
<Project ToolsVersion="4.0" xmlns="http://schemas.microsoft.com/developer/msbuild/2003">
  <ItemGroup>
    <FxCompile Include="BasicPixelShader.hlsl" />
    <FxCompile Include="BasicVertexShader.hlsl" />
    <FxCompile Include="ObjectPixelShader.hlsl" />
    <FxCompile Include="ObjectVertexShader.hlsl" />
    <FxCompile Include="SpritePixelShader.hlsl" />
    <FxCompile Include="SpriteVertexShader.hlsl" />
  </ItemGroup>
  <ItemGroup>
    <ClCompile Include="Collision.cpp" />
    <ClCompile Include="CountDownTimer.cpp" />
    <ClCompile Include="DirectXManager.cpp" />
    <ClCompile Include="Ending.cpp" />
    <ClCompile Include="Fader.cpp" />
    <ClCompile Include="GameObject.cpp" />
    <ClCompile Include="GamePlay.cpp" />
    <ClCompile Include="Input.cpp" />
    <ClCompile Include="main.cpp" />
    <ClCompile Include="Model.cpp" />
    <ClCompile Include="MosaicEffect.cpp" />
    <ClCompile Include="Object3D.cpp" />
    <ClCompile Include="Player.cpp" />
    <ClCompile Include="SceneManager.cpp" />
    <ClCompile Include="Sound.cpp" />
    <ClCompile Include="Sprite.cpp" />
    <ClCompile Include="Timer.cpp" />
    <ClCompile Include="Title.cpp" />
    <ClCompile Include="WinApp.cpp" />
    <ClCompile Include="Bullet.cpp" />
  </ItemGroup>
  <ItemGroup>
    <ClInclude Include="BaseScene.h" />
    <ClInclude Include="Collision.h" />
    <ClInclude Include="CountDownTimer.h" />
    <ClInclude Include="DirectXManager.h" />
    <ClInclude Include="Ending.h" />
    <ClInclude Include="Fader.h" />
    <ClInclude Include="GameObject.h" />
    <ClInclude Include="GamePlay.h" />
    <ClInclude Include="Input.h" />
    <ClInclude Include="ISceneChanger.h" />
    <ClInclude Include="Model.h" />
    <ClInclude Include="MosaicEffect.h" />
    <ClInclude Include="Object3D.h" />
    <ClInclude Include="Player.h" />
    <ClInclude Include="SafeDelete.h" />
    <ClInclude Include="SceneManager.h" />
    <ClInclude Include="Sound.h" />
    <ClInclude Include="Sprite.h" />
    <ClInclude Include="Timer.h" />
    <ClInclude Include="Title.h" />
    <ClInclude Include="WinApp.h" />
    <ClInclude Include="Bullet.h" />
  </ItemGroup>
  <ItemGroup>
    <None Include="BasicShaderHeader.hlsli" />
    <None Include="ObjectShaderHeader.hlsli" />
    <None Include="SpriteShaderHeader.hlsli" />
  </ItemGroup>
</Project>